
Microsoft Visual Studio Solution File, Format Version 12.00
# Visual Studio Version 17
VisualStudioVersion = 17.14.36203.30 d17.14
MinimumVisualStudioVersion = 10.0.40219.1
Project("{FAE04EC0-301F-11D3-BF4B-00C04F79EFBC}") = "PSK_Lab1_30371", "PSK_Lab1_30371\PSK_Lab1_30371.csproj", "{6F202B0B-2AC2-420A-B11F-39EAF8EB87F3}"
EndProject
Global
	GlobalSection(SolutionConfigurationPlatforms) = preSolution
		Debug|Any CPU = Debug|Any CPU
		Release|Any CPU = Release|Any CPU
	EndGlobalSection
	GlobalSection(ProjectConfigurationPlatforms) = postSolution
		{6F202B0B-2AC2-420A-B11F-39EAF8EB87F3}.Debug|Any CPU.ActiveCfg = Debug|Any CPU
		{6F202B0B-2AC2-420A-B11F-39EAF8EB87F3}.Debug|Any CPU.Build.0 = Debug|Any CPU
		{6F202B0B-2AC2-420A-B11F-39EAF8EB87F3}.Release|Any CPU.ActiveCfg = Release|Any CPU
		{6F202B0B-2AC2-420A-B11F-39EAF8EB87F3}.Release|Any CPU.Build.0 = Release|Any CPU
	EndGlobalSection
	GlobalSection(SolutionProperties) = preSolution
		HideSolutionNode = FALSE
	EndGlobalSection
	GlobalSection(ExtensibilityGlobals) = postSolution
		SolutionGuid = {473E512A-8275-4CD0-B790-4A1E423D80BD}
	EndGlobalSection
EndGlobal
